// !$*UTF8*$!
{
	archiveVersion = 1;
	classes = {
	};
	objectVersion = 50;
	objects = {

/* Begin PBXBuildFile section */
		5B002F2B26220AC50043A88A /* RemoteManagerProtocol.swift in Sources */ = {isa = PBXBuildFile; fileRef = 5B002F2A26220AC50043A88A /* RemoteManagerProtocol.swift */; };
		5B002F3126220B410043A88A /* RemoteManagerImpl.swift in Sources */ = {isa = PBXBuildFile; fileRef = 5B002F3026220B400043A88A /* RemoteManagerImpl.swift */; };
		5B002F3626220CDA0043A88A /* DataManager.swift in Sources */ = {isa = PBXBuildFile; fileRef = 5B002F3526220CDA0043A88A /* DataManager.swift */; };
		5B002F3E26220EFA0043A88A /* SongListDataManager.swift in Sources */ = {isa = PBXBuildFile; fileRef = 5B002F3D26220EFA0043A88A /* SongListDataManager.swift */; };
		5B002F48262210D40043A88A /* iTunesTop100DataManagerTests.swift in Sources */ = {isa = PBXBuildFile; fileRef = 5B002F47262210D40043A88A /* iTunesTop100DataManagerTests.swift */; };
		5B06B7A2262052CC00F57533 /* APIRequest.swift in Sources */ = {isa = PBXBuildFile; fileRef = 5B06B7A1262052CC00F57533 /* APIRequest.swift */; };
		5B06B7A62620549200F57533 /* HttpMethods.swift in Sources */ = {isa = PBXBuildFile; fileRef = 5B06B7A52620549200F57533 /* HttpMethods.swift */; };
		5B5AF3FD2620D968000F7174 /* APIError.swift in Sources */ = {isa = PBXBuildFile; fileRef = 5B5AF3FC2620D968000F7174 /* APIError.swift */; };
		5B5AF4012620D9FA000F7174 /* NetworkService.swift in Sources */ = {isa = PBXBuildFile; fileRef = 5B5AF4002620D9FA000F7174 /* NetworkService.swift */; };
		5B5AF4072620DE22000F7174 /* ListResult.swift in Sources */ = {isa = PBXBuildFile; fileRef = 5B5AF4062620DE22000F7174 /* ListResult.swift */; };
		5B5AF40C2620E0CC000F7174 /* Feed.swift in Sources */ = {isa = PBXBuildFile; fileRef = 5B5AF40B2620E0CC000F7174 /* Feed.swift */; };
		5B5AF40F2620E12C000F7174 /* FeedResponse.swift in Sources */ = {isa = PBXBuildFile; fileRef = 5B5AF40E2620E12C000F7174 /* FeedResponse.swift */; };
		5B5AF4122620E1A7000F7174 /* FeedResquest.swift in Sources */ = {isa = PBXBuildFile; fileRef = 5B5AF4112620E1A7000F7174 /* FeedResquest.swift */; };
		5B5AF41F262200B2000F7174 /* iTunesTop100RequestTests.swift in Sources */ = {isa = PBXBuildFile; fileRef = 5B5AF41E262200B2000F7174 /* iTunesTop100RequestTests.swift */; };
		5BFCA410261F54C000417AD1 /* AppDelegate.swift in Sources */ = {isa = PBXBuildFile; fileRef = 5BFCA40F261F54C000417AD1 /* AppDelegate.swift */; };
		5BFCA412261F54C000417AD1 /* SceneDelegate.swift in Sources */ = {isa = PBXBuildFile; fileRef = 5BFCA411261F54C000417AD1 /* SceneDelegate.swift */; };
		5BFCA414261F54C000417AD1 /* ViewController.swift in Sources */ = {isa = PBXBuildFile; fileRef = 5BFCA413261F54C000417AD1 /* ViewController.swift */; };
		5BFCA419261F54C000417AD1 /* Assets.xcassets in Resources */ = {isa = PBXBuildFile; fileRef = 5BFCA418261F54C000417AD1 /* Assets.xcassets */; };
		5BFCA41C261F54C000417AD1 /* LaunchScreen.storyboard in Resources */ = {isa = PBXBuildFile; fileRef = 5BFCA41A261F54C000417AD1 /* LaunchScreen.storyboard */; };
/* End PBXBuildFile section */

/* Begin PBXContainerItemProxy section */
		5B5AF421262200B2000F7174 /* PBXContainerItemProxy */ = {
			isa = PBXContainerItemProxy;
			containerPortal = 5BFCA404261F54C000417AD1 /* Project object */;
			proxyType = 1;
			remoteGlobalIDString = 5BFCA40B261F54C000417AD1;
			remoteInfo = iTunesTop100;
		};
/* End PBXContainerItemProxy section */

/* Begin PBXFileReference section */
		5B002F2A26220AC50043A88A /* RemoteManagerProtocol.swift */ = {isa = PBXFileReference; lastKnownFileType = sourcecode.swift; path = RemoteManagerProtocol.swift; sourceTree = "<group>"; };
		5B002F3026220B400043A88A /* RemoteManagerImpl.swift */ = {isa = PBXFileReference; lastKnownFileType = sourcecode.swift; path = RemoteManagerImpl.swift; sourceTree = "<group>"; };
		5B002F3526220CDA0043A88A /* DataManager.swift */ = {isa = PBXFileReference; lastKnownFileType = sourcecode.swift; path = DataManager.swift; sourceTree = "<group>"; };
		5B002F3D26220EFA0043A88A /* SongListDataManager.swift */ = {isa = PBXFileReference; lastKnownFileType = sourcecode.swift; path = SongListDataManager.swift; sourceTree = "<group>"; };
		5B002F47262210D40043A88A /* iTunesTop100DataManagerTests.swift */ = {isa = PBXFileReference; lastKnownFileType = sourcecode.swift; path = iTunesTop100DataManagerTests.swift; sourceTree = "<group>"; };
		5B06B7A1262052CC00F57533 /* APIRequest.swift */ = {isa = PBXFileReference; lastKnownFileType = sourcecode.swift; path = APIRequest.swift; sourceTree = "<group>"; };
		5B06B7A52620549200F57533 /* HttpMethods.swift */ = {isa = PBXFileReference; lastKnownFileType = sourcecode.swift; path = HttpMethods.swift; sourceTree = "<group>"; };
		5B5AF3FC2620D968000F7174 /* APIError.swift */ = {isa = PBXFileReference; lastKnownFileType = sourcecode.swift; path = APIError.swift; sourceTree = "<group>"; };
		5B5AF4002620D9FA000F7174 /* NetworkService.swift */ = {isa = PBXFileReference; lastKnownFileType = sourcecode.swift; path = NetworkService.swift; sourceTree = "<group>"; };
		5B5AF4062620DE22000F7174 /* ListResult.swift */ = {isa = PBXFileReference; lastKnownFileType = sourcecode.swift; path = ListResult.swift; sourceTree = "<group>"; };
		5B5AF40B2620E0CC000F7174 /* Feed.swift */ = {isa = PBXFileReference; lastKnownFileType = sourcecode.swift; path = Feed.swift; sourceTree = "<group>"; };
		5B5AF40E2620E12C000F7174 /* FeedResponse.swift */ = {isa = PBXFileReference; lastKnownFileType = sourcecode.swift; path = FeedResponse.swift; sourceTree = "<group>"; };
		5B5AF4112620E1A7000F7174 /* FeedResquest.swift */ = {isa = PBXFileReference; lastKnownFileType = sourcecode.swift; path = FeedResquest.swift; sourceTree = "<group>"; };
		5B5AF41C262200B2000F7174 /* iTunesTop100Tests.xctest */ = {isa = PBXFileReference; explicitFileType = wrapper.cfbundle; includeInIndex = 0; path = iTunesTop100Tests.xctest; sourceTree = BUILT_PRODUCTS_DIR; };
		5B5AF41E262200B2000F7174 /* iTunesTop100RequestTests.swift */ = {isa = PBXFileReference; lastKnownFileType = sourcecode.swift; path = iTunesTop100RequestTests.swift; sourceTree = "<group>"; };
		5B5AF420262200B2000F7174 /* Info.plist */ = {isa = PBXFileReference; lastKnownFileType = text.plist.xml; path = Info.plist; sourceTree = "<group>"; };
		5BFCA40C261F54C000417AD1 /* iTunesTop100.app */ = {isa = PBXFileReference; explicitFileType = wrapper.application; includeInIndex = 0; path = iTunesTop100.app; sourceTree = BUILT_PRODUCTS_DIR; };
		5BFCA40F261F54C000417AD1 /* AppDelegate.swift */ = {isa = PBXFileReference; lastKnownFileType = sourcecode.swift; path = AppDelegate.swift; sourceTree = "<group>"; };
		5BFCA411261F54C000417AD1 /* SceneDelegate.swift */ = {isa = PBXFileReference; lastKnownFileType = sourcecode.swift; path = SceneDelegate.swift; sourceTree = "<group>"; };
		5BFCA413261F54C000417AD1 /* ViewController.swift */ = {isa = PBXFileReference; lastKnownFileType = sourcecode.swift; path = ViewController.swift; sourceTree = "<group>"; };
		5BFCA418261F54C000417AD1 /* Assets.xcassets */ = {isa = PBXFileReference; lastKnownFileType = folder.assetcatalog; path = Assets.xcassets; sourceTree = "<group>"; };
		5BFCA41B261F54C000417AD1 /* Base */ = {isa = PBXFileReference; lastKnownFileType = file.storyboard; name = Base; path = Base.lproj/LaunchScreen.storyboard; sourceTree = "<group>"; };
		5BFCA41D261F54C000417AD1 /* Info.plist */ = {isa = PBXFileReference; lastKnownFileType = text.plist.xml; path = Info.plist; sourceTree = "<group>"; };
/* End PBXFileReference section */

/* Begin PBXFrameworksBuildPhase section */
		5B5AF419262200B2000F7174 /* Frameworks */ = {
			isa = PBXFrameworksBuildPhase;
			buildActionMask = 2147483647;
			files = (
			);
			runOnlyForDeploymentPostprocessing = 0;
		};
		5BFCA409261F54C000417AD1 /* Frameworks */ = {
			isa = PBXFrameworksBuildPhase;
			buildActionMask = 2147483647;
			files = (
			);
			runOnlyForDeploymentPostprocessing = 0;
		};
/* End PBXFrameworksBuildPhase section */

/* Begin PBXGroup section */
		5B002F2926220AA70043A88A /* DataManagers */ = {
			isa = PBXGroup;
			children = (
				5B002F3426220C280043A88A /* Remote */,
				5B002F3526220CDA0043A88A /* DataManager.swift */,
			);
			path = DataManagers;
			sourceTree = "<group>";
		};
		5B002F3426220C280043A88A /* Remote */ = {
			isa = PBXGroup;
			children = (
				5B002F2A26220AC50043A88A /* RemoteManagerProtocol.swift */,
				5B002F3026220B400043A88A /* RemoteManagerImpl.swift */,
			);
			path = Remote;
			sourceTree = "<group>";
		};
		5B002F3B26220E8B0043A88A /* SongList */ = {
			isa = PBXGroup;
			children = (
				5B5AF4052620DD6A000F7174 /* Models */,
				5B002F4426220FF00043A88A /* Views */,
				5B002F3C26220EDF0043A88A /* ViewModel */,
				5B002F4326220FDC0043A88A /* Controllers */,
			);
			path = SongList;
			sourceTree = "<group>";
		};
		5B002F3C26220EDF0043A88A /* ViewModel */ = {
			isa = PBXGroup;
			children = (
			);
			path = ViewModel;
			sourceTree = "<group>";
		};
		5B002F4326220FDC0043A88A /* Controllers */ = {
			isa = PBXGroup;
			children = (
				5BFCA413261F54C000417AD1 /* ViewController.swift */,
			);
			path = Controllers;
			sourceTree = "<group>";
		};
		5B002F4426220FF00043A88A /* Views */ = {
			isa = PBXGroup;
			children = (
			);
			path = Views;
			sourceTree = "<group>";
		};
		5B06B79F2620529800F57533 /* Networking */ = {
			isa = PBXGroup;
			children = (
				5B5AF4042620DD3E000F7174 /* ResponseModels */,
				5B5AF4032620DD2F000F7174 /* RequestModels */,
				5B06B7A0262052B600F57533 /* Utils */,
			);
			path = Networking;
			sourceTree = "<group>";
		};
		5B06B7A0262052B600F57533 /* Utils */ = {
			isa = PBXGroup;
			children = (
				5B06B7A1262052CC00F57533 /* APIRequest.swift */,
				5B06B7A52620549200F57533 /* HttpMethods.swift */,
				5B5AF3FC2620D968000F7174 /* APIError.swift */,
				5B5AF4002620D9FA000F7174 /* NetworkService.swift */,
			);
			path = Utils;
			sourceTree = "<group>";
		};
		5B5AF4032620DD2F000F7174 /* RequestModels */ = {
			isa = PBXGroup;
			children = (
				5B5AF4112620E1A7000F7174 /* FeedResquest.swift */,
			);
			path = RequestModels;
			sourceTree = "<group>";
		};
		5B5AF4042620DD3E000F7174 /* ResponseModels */ = {
			isa = PBXGroup;
			children = (
				5B5AF40E2620E12C000F7174 /* FeedResponse.swift */,
			);
			path = ResponseModels;
			sourceTree = "<group>";
		};
		5B5AF4052620DD6A000F7174 /* Models */ = {
			isa = PBXGroup;
			children = (
				5B002F3D26220EFA0043A88A /* SongListDataManager.swift */,
				5B5AF4062620DE22000F7174 /* ListResult.swift */,
				5B5AF40B2620E0CC000F7174 /* Feed.swift */,
			);
			path = Models;
			sourceTree = "<group>";
		};
		5B5AF41D262200B2000F7174 /* iTunesTop100Tests */ = {
			isa = PBXGroup;
			children = (
				5B5AF41E262200B2000F7174 /* iTunesTop100RequestTests.swift */,
				5B002F47262210D40043A88A /* iTunesTop100DataManagerTests.swift */,
				5B5AF420262200B2000F7174 /* Info.plist */,
			);
			path = iTunesTop100Tests;
			sourceTree = "<group>";
		};
		5BFCA403261F54C000417AD1 = {
			isa = PBXGroup;
			children = (
				5BFCA40E261F54C000417AD1 /* iTunesTop100 */,
				5B5AF41D262200B2000F7174 /* iTunesTop100Tests */,
				5BFCA40D261F54C000417AD1 /* Products */,
			);
			sourceTree = "<group>";
		};
		5BFCA40D261F54C000417AD1 /* Products */ = {
			isa = PBXGroup;
			children = (
				5BFCA40C261F54C000417AD1 /* iTunesTop100.app */,
				5B5AF41C262200B2000F7174 /* iTunesTop100Tests.xctest */,
			);
			name = Products;
			sourceTree = "<group>";
		};
		5BFCA40E261F54C000417AD1 /* iTunesTop100 */ = {
			isa = PBXGroup;
			children = (
				5BFCA427261F55C600417AD1 /* App */,
				5B06B79F2620529800F57533 /* Networking */,
				5B002F2926220AA70043A88A /* DataManagers */,
				5B002F3B26220E8B0043A88A /* SongList */,
				5BFCA418261F54C000417AD1 /* Assets.xcassets */,
			);
			path = iTunesTop100;
			sourceTree = "<group>";
		};
		5BFCA427261F55C600417AD1 /* App */ = {
			isa = PBXGroup;
			children = (
				5BFCA40F261F54C000417AD1 /* AppDelegate.swift */,
				5BFCA411261F54C000417AD1 /* SceneDelegate.swift */,
				5BFCA41D261F54C000417AD1 /* Info.plist */,
				5BFCA41A261F54C000417AD1 /* LaunchScreen.storyboard */,
			);
			path = App;
			sourceTree = "<group>";
		};
/* End PBXGroup section */

/* Begin PBXNativeTarget section */
		5B5AF41B262200B2000F7174 /* iTunesTop100Tests */ = {
			isa = PBXNativeTarget;
			buildConfigurationList = 5B5AF423262200B2000F7174 /* Build configuration list for PBXNativeTarget "iTunesTop100Tests" */;
			buildPhases = (
				5B5AF418262200B2000F7174 /* Sources */,
				5B5AF419262200B2000F7174 /* Frameworks */,
				5B5AF41A262200B2000F7174 /* Resources */,
			);
			buildRules = (
			);
			dependencies = (
				5B5AF422262200B2000F7174 /* PBXTargetDependency */,
			);
			name = iTunesTop100Tests;
			productName = iTunesTop100Tests;
			productReference = 5B5AF41C262200B2000F7174 /* iTunesTop100Tests.xctest */;
			productType = "com.apple.product-type.bundle.unit-test";
		};
		5BFCA40B261F54C000417AD1 /* iTunesTop100 */ = {
			isa = PBXNativeTarget;
			buildConfigurationList = 5BFCA420261F54C000417AD1 /* Build configuration list for PBXNativeTarget "iTunesTop100" */;
			buildPhases = (
				5BFCA408261F54C000417AD1 /* Sources */,
				5BFCA409261F54C000417AD1 /* Frameworks */,
				5BFCA40A261F54C000417AD1 /* Resources */,
			);
			buildRules = (
			);
			dependencies = (
			);
			name = iTunesTop100;
			productName = iTunesTop100;
			productReference = 5BFCA40C261F54C000417AD1 /* iTunesTop100.app */;
			productType = "com.apple.product-type.application";
		};
/* End PBXNativeTarget section */

/* Begin PBXProject section */
		5BFCA404261F54C000417AD1 /* Project object */ = {
			isa = PBXProject;
			attributes = {
				LastSwiftUpdateCheck = 1240;
				LastUpgradeCheck = 1240;
				TargetAttributes = {
					5B5AF41B262200B2000F7174 = {
						CreatedOnToolsVersion = 12.4;
						TestTargetID = 5BFCA40B261F54C000417AD1;
					};
					5BFCA40B261F54C000417AD1 = {
						CreatedOnToolsVersion = 12.4;
					};
				};
			};
			buildConfigurationList = 5BFCA407261F54C000417AD1 /* Build configuration list for PBXProject "iTunesTop100" */;
			compatibilityVersion = "Xcode 9.3";
			developmentRegion = en;
			hasScannedForEncodings = 0;
			knownRegions = (
				en,
				Base,
			);
			mainGroup = 5BFCA403261F54C000417AD1;
			productRefGroup = 5BFCA40D261F54C000417AD1 /* Products */;
			projectDirPath = "";
			projectRoot = "";
			targets = (
				5BFCA40B261F54C000417AD1 /* iTunesTop100 */,
				5B5AF41B262200B2000F7174 /* iTunesTop100Tests */,
			);
		};
/* End PBXProject section */

/* Begin PBXResourcesBuildPhase section */
		5B5AF41A262200B2000F7174 /* Resources */ = {
			isa = PBXResourcesBuildPhase;
			buildActionMask = 2147483647;
			files = (
			);
			runOnlyForDeploymentPostprocessing = 0;
		};
		5BFCA40A261F54C000417AD1 /* Resources */ = {
			isa = PBXResourcesBuildPhase;
			buildActionMask = 2147483647;
			files = (
				5BFCA41C261F54C000417AD1 /* LaunchScreen.storyboard in Resources */,
				5BFCA419261F54C000417AD1 /* Assets.xcassets in Resources */,
			);
			runOnlyForDeploymentPostprocessing = 0;
		};
/* End PBXResourcesBuildPhase section */

/* Begin PBXSourcesBuildPhase section */
		5B5AF418262200B2000F7174 /* Sources */ = {
			isa = PBXSourcesBuildPhase;
			buildActionMask = 2147483647;
			files = (
				5B5AF41F262200B2000F7174 /* iTunesTop100RequestTests.swift in Sources */,
				5B002F48262210D40043A88A /* iTunesTop100DataManagerTests.swift in Sources */,
			);
			runOnlyForDeploymentPostprocessing = 0;
		};
		5BFCA408261F54C000417AD1 /* Sources */ = {
			isa = PBXSourcesBuildPhase;
			buildActionMask = 2147483647;
			files = (
				5B06B7A62620549200F57533 /* HttpMethods.swift in Sources */,
				5B5AF40C2620E0CC000F7174 /* Feed.swift in Sources */,
				5BFCA414261F54C000417AD1 /* ViewController.swift in Sources */,
				5B002F3626220CDA0043A88A /* DataManager.swift in Sources */,
				5BFCA410261F54C000417AD1 /* AppDelegate.swift in Sources */,
				5B06B7A2262052CC00F57533 /* APIRequest.swift in Sources */,
				5BFCA412261F54C000417AD1 /* SceneDelegate.swift in Sources */,
				5B5AF4122620E1A7000F7174 /* FeedResquest.swift in Sources */,
				5B002F3126220B410043A88A /* RemoteManagerImpl.swift in Sources */,
				5B5AF40F2620E12C000F7174 /* FeedResponse.swift in Sources */,
				5B5AF3FD2620D968000F7174 /* APIError.swift in Sources */,
				5B002F3E26220EFA0043A88A /* SongListDataManager.swift in Sources */,
				5B5AF4072620DE22000F7174 /* ListResult.swift in Sources */,
				5B5AF4012620D9FA000F7174 /* NetworkService.swift in Sources */,
				5B002F2B26220AC50043A88A /* RemoteManagerProtocol.swift in Sources */,
			);
			runOnlyForDeploymentPostprocessing = 0;
		};
/* End PBXSourcesBuildPhase section */

/* Begin PBXTargetDependency section */
		5B5AF422262200B2000F7174 /* PBXTargetDependency */ = {
			isa = PBXTargetDependency;
			target = 5BFCA40B261F54C000417AD1 /* iTunesTop100 */;
			targetProxy = 5B5AF421262200B2000F7174 /* PBXContainerItemProxy */;
		};
/* End PBXTargetDependency section */

/* Begin PBXVariantGroup section */
		5BFCA41A261F54C000417AD1 /* LaunchScreen.storyboard */ = {
			isa = PBXVariantGroup;
			children = (
				5BFCA41B261F54C000417AD1 /* Base */,
			);
			name = LaunchScreen.storyboard;
			sourceTree = "<group>";
		};
/* End PBXVariantGroup section */

/* Begin XCBuildConfiguration section */
		5B5AF424262200B2000F7174 /* Debug */ = {
			isa = XCBuildConfiguration;
			buildSettings = {
				BUNDLE_LOADER = "$(TEST_HOST)";
				CODE_SIGN_STYLE = Automatic;
				DEVELOPMENT_TEAM = 2Q7F87669V;
				INFOPLIST_FILE = iTunesTop100Tests/Info.plist;
				LD_RUNPATH_SEARCH_PATHS = (
					"$(inherited)",
					"@executable_path/Frameworks",
					"@loader_path/Frameworks",
				);
				PRODUCT_BUNDLE_IDENTIFIER = by.rodri.iTunesTop100Tests;
				PRODUCT_NAME = "$(TARGET_NAME)";
				SWIFT_VERSION = 5.0;
				TARGETED_DEVICE_FAMILY = "1,2";
				TEST_HOST = "$(BUILT_PRODUCTS_DIR)/iTunesTop100.app/iTunesTop100";
			};
			name = Debug;
		};
		5B5AF425262200B2000F7174 /* Release */ = {
			isa = XCBuildConfiguration;
			buildSettings = {
				BUNDLE_LOADER = "$(TEST_HOST)";
				CODE_SIGN_STYLE = Automatic;
				DEVELOPMENT_TEAM = 2Q7F87669V;
				INFOPLIST_FILE = iTunesTop100Tests/Info.plist;
				LD_RUNPATH_SEARCH_PATHS = (
					"$(inherited)",
					"@executable_path/Frameworks",
					"@loader_path/Frameworks",
				);
				PRODUCT_BUNDLE_IDENTIFIER = by.rodri.iTunesTop100Tests;
				PRODUCT_NAME = "$(TARGET_NAME)";
				SWIFT_VERSION = 5.0;
				TARGETED_DEVICE_FAMILY = "1,2";
				TEST_HOST = "$(BUILT_PRODUCTS_DIR)/iTunesTop100.app/iTunesTop100";
			};
			name = Release;
		};
		5BFCA41E261F54C000417AD1 /* Debug */ = {
			isa = XCBuildConfiguration;
			buildSettings = {
				ALWAYS_SEARCH_USER_PATHS = NO;
				CLANG_ANALYZER_NONNULL = YES;
				CLANG_ANALYZER_NUMBER_OBJECT_CONVERSION = YES_AGGRESSIVE;
				CLANG_CXX_LANGUAGE_STANDARD = "gnu++14";
				CLANG_CXX_LIBRARY = "libc++";
				CLANG_ENABLE_MODULES = YES;
				CLANG_ENABLE_OBJC_ARC = YES;
				CLANG_ENABLE_OBJC_WEAK = YES;
				CLANG_WARN_BLOCK_CAPTURE_AUTORELEASING = YES;
				CLANG_WARN_BOOL_CONVERSION = YES;
				CLANG_WARN_COMMA = YES;
				CLANG_WARN_CONSTANT_CONVERSION = YES;
				CLANG_WARN_DEPRECATED_OBJC_IMPLEMENTATIONS = YES;
				CLANG_WARN_DIRECT_OBJC_ISA_USAGE = YES_ERROR;
				CLANG_WARN_DOCUMENTATION_COMMENTS = YES;
				CLANG_WARN_EMPTY_BODY = YES;
				CLANG_WARN_ENUM_CONVERSION = YES;
				CLANG_WARN_INFINITE_RECURSION = YES;
				CLANG_WARN_INT_CONVERSION = YES;
				CLANG_WARN_NON_LITERAL_NULL_CONVERSION = YES;
				CLANG_WARN_OBJC_IMPLICIT_RETAIN_SELF = YES;
				CLANG_WARN_OBJC_LITERAL_CONVERSION = YES;
				CLANG_WARN_OBJC_ROOT_CLASS = YES_ERROR;
				CLANG_WARN_QUOTED_INCLUDE_IN_FRAMEWORK_HEADER = YES;
				CLANG_WARN_RANGE_LOOP_ANALYSIS = YES;
				CLANG_WARN_STRICT_PROTOTYPES = YES;
				CLANG_WARN_SUSPICIOUS_MOVE = YES;
				CLANG_WARN_UNGUARDED_AVAILABILITY = YES_AGGRESSIVE;
				CLANG_WARN_UNREACHABLE_CODE = YES;
				CLANG_WARN__DUPLICATE_METHOD_MATCH = YES;
				COPY_PHASE_STRIP = NO;
				DEBUG_INFORMATION_FORMAT = dwarf;
				ENABLE_STRICT_OBJC_MSGSEND = YES;
				ENABLE_TESTABILITY = YES;
				GCC_C_LANGUAGE_STANDARD = gnu11;
				GCC_DYNAMIC_NO_PIC = NO;
				GCC_NO_COMMON_BLOCKS = YES;
				GCC_OPTIMIZATION_LEVEL = 0;
				GCC_PREPROCESSOR_DEFINITIONS = (
					"DEBUG=1",
					"$(inherited)",
				);
				GCC_WARN_64_TO_32_BIT_CONVERSION = YES;
				GCC_WARN_ABOUT_RETURN_TYPE = YES_ERROR;
				GCC_WARN_UNDECLARED_SELECTOR = YES;
				GCC_WARN_UNINITIALIZED_AUTOS = YES_AGGRESSIVE;
				GCC_WARN_UNUSED_FUNCTION = YES;
				GCC_WARN_UNUSED_VARIABLE = YES;
				IPHONEOS_DEPLOYMENT_TARGET = 14.4;
				MTL_ENABLE_DEBUG_INFO = INCLUDE_SOURCE;
				MTL_FAST_MATH = YES;
				ONLY_ACTIVE_ARCH = YES;
				SDKROOT = iphoneos;
				SWIFT_ACTIVE_COMPILATION_CONDITIONS = DEBUG;
				SWIFT_OPTIMIZATION_LEVEL = "-Onone";
			};
			name = Debug;
		};
		5BFCA41F261F54C000417AD1 /* Release */ = {
			isa = XCBuildConfiguration;
			buildSettings = {
				ALWAYS_SEARCH_USER_PATHS = NO;
				CLANG_ANALYZER_NONNULL = YES;
				CLANG_ANALYZER_NUMBER_OBJECT_CONVERSION = YES_AGGRESSIVE;
				CLANG_CXX_LANGUAGE_STANDARD = "gnu++14";
				CLANG_CXX_LIBRARY = "libc++";
				CLANG_ENABLE_MODULES = YES;
				CLANG_ENABLE_OBJC_ARC = YES;
				CLANG_ENABLE_OBJC_WEAK = YES;
				CLANG_WARN_BLOCK_CAPTURE_AUTORELEASING = YES;
				CLANG_WARN_BOOL_CONVERSION = YES;
				CLANG_WARN_COMMA = YES;
				CLANG_WARN_CONSTANT_CONVERSION = YES;
				CLANG_WARN_DEPRECATED_OBJC_IMPLEMENTATIONS = YES;
				CLANG_WARN_DIRECT_OBJC_ISA_USAGE = YES_ERROR;
				CLANG_WARN_DOCUMENTATION_COMMENTS = YES;
				CLANG_WARN_EMPTY_BODY = YES;
				CLANG_WARN_ENUM_CONVERSION = YES;
				CLANG_WARN_INFINITE_RECURSION = YES;
				CLANG_WARN_INT_CONVERSION = YES;
				CLANG_WARN_NON_LITERAL_NULL_CONVERSION = YES;
				CLANG_WARN_OBJC_IMPLICIT_RETAIN_SELF = YES;
				CLANG_WARN_OBJC_LITERAL_CONVERSION = YES;
				CLANG_WARN_OBJC_ROOT_CLASS = YES_ERROR;
				CLANG_WARN_QUOTED_INCLUDE_IN_FRAMEWORK_HEADER = YES;
				CLANG_WARN_RANGE_LOOP_ANALYSIS = YES;
				CLANG_WARN_STRICT_PROTOTYPES = YES;
				CLANG_WARN_SUSPICIOUS_MOVE = YES;
				CLANG_WARN_UNGUARDED_AVAILABILITY = YES_AGGRESSIVE;
				CLANG_WARN_UNREACHABLE_CODE = YES;
				CLANG_WARN__DUPLICATE_METHOD_MATCH = YES;
				COPY_PHASE_STRIP = NO;
				DEBUG_INFORMATION_FORMAT = "dwarf-with-dsym";
				ENABLE_NS_ASSERTIONS = NO;
				ENABLE_STRICT_OBJC_MSGSEND = YES;
				GCC_C_LANGUAGE_STANDARD = gnu11;
				GCC_NO_COMMON_BLOCKS = YES;
				GCC_WARN_64_TO_32_BIT_CONVERSION = YES;
				GCC_WARN_ABOUT_RETURN_TYPE = YES_ERROR;
				GCC_WARN_UNDECLARED_SELECTOR = YES;
				GCC_WARN_UNINITIALIZED_AUTOS = YES_AGGRESSIVE;
				GCC_WARN_UNUSED_FUNCTION = YES;
				GCC_WARN_UNUSED_VARIABLE = YES;
				IPHONEOS_DEPLOYMENT_TARGET = 14.4;
				MTL_ENABLE_DEBUG_INFO = NO;
				MTL_FAST_MATH = YES;
				SDKROOT = iphoneos;
				SWIFT_COMPILATION_MODE = wholemodule;
				SWIFT_OPTIMIZATION_LEVEL = "-O";
				VALIDATE_PRODUCT = YES;
			};
			name = Release;
		};
		5BFCA421261F54C000417AD1 /* Debug */ = {
			isa = XCBuildConfiguration;
			buildSettings = {
				ASSETCATALOG_COMPILER_APPICON_NAME = AppIcon;
				ASSETCATALOG_COMPILER_GLOBAL_ACCENT_COLOR_NAME = AccentColor;
				CODE_SIGN_STYLE = Automatic;
				DEVELOPMENT_TEAM = 2Q7F87669V;
				INFOPLIST_FILE = iTunesTop100/App/Info.plist;
				LD_RUNPATH_SEARCH_PATHS = (
					"$(inherited)",
					"@executable_path/Frameworks",
				);
				PRODUCT_BUNDLE_IDENTIFIER = by.rodri.iTunesTop100;
				PRODUCT_NAME = "$(TARGET_NAME)";
				SWIFT_VERSION = 5.0;
				TARGETED_DEVICE_FAMILY = 1;
			};
			name = Debug;
		};
		5BFCA422261F54C000417AD1 /* Release */ = {
			isa = XCBuildConfiguration;
			buildSettings = {
				ASSETCATALOG_COMPILER_APPICON_NAME = AppIcon;
				ASSETCATALOG_COMPILER_GLOBAL_ACCENT_COLOR_NAME = AccentColor;
				CODE_SIGN_STYLE = Automatic;
				DEVELOPMENT_TEAM = 2Q7F87669V;
				INFOPLIST_FILE = iTunesTop100/App/Info.plist;
				LD_RUNPATH_SEARCH_PATHS = (
					"$(inherited)",
					"@executable_path/Frameworks",
				);
				PRODUCT_BUNDLE_IDENTIFIER = by.rodri.iTunesTop100;
				PRODUCT_NAME = "$(TARGET_NAME)";
				SWIFT_VERSION = 5.0;
				TARGETED_DEVICE_FAMILY = 1;
			};
			name = Release;
		};
/* End XCBuildConfiguration section */

/* Begin XCConfigurationList section */
		5B5AF423262200B2000F7174 /* Build configuration list for PBXNativeTarget "iTunesTop100Tests" */ = {
			isa = XCConfigurationList;
			buildConfigurations = (
				5B5AF424262200B2000F7174 /* Debug */,
				5B5AF425262200B2000F7174 /* Release */,
			);
			defaultConfigurationIsVisible = 0;
			defaultConfigurationName = Release;
		};
		5BFCA407261F54C000417AD1 /* Build configuration list for PBXProject "iTunesTop100" */ = {
			isa = XCConfigurationList;
			buildConfigurations = (
				5BFCA41E261F54C000417AD1 /* Debug */,
				5BFCA41F261F54C000417AD1 /* Release */,
			);
			defaultConfigurationIsVisible = 0;
			defaultConfigurationName = Release;
		};
		5BFCA420261F54C000417AD1 /* Build configuration list for PBXNativeTarget "iTunesTop100" */ = {
			isa = XCConfigurationList;
			buildConfigurations = (
				5BFCA421261F54C000417AD1 /* Debug */,
				5BFCA422261F54C000417AD1 /* Release */,
			);
			defaultConfigurationIsVisible = 0;
			defaultConfigurationName = Release;
		};
/* End XCConfigurationList section */
	};
	rootObject = 5BFCA404261F54C000417AD1 /* Project object */;
}
